// !$*UTF8*$!
{
	archiveVersion = 1;
	classes = {
	};
	objectVersion = 77;
	objects = {

/* Begin PBXBuildFile section */
		1A5837912E3B528A00188A49 /* ViewInspector in Frameworks */ = {isa = PBXBuildFile; productRef = 1A5837902E3B528A00188A49 /* ViewInspector */; };
		1AD7790D2E419816003600F1 /* Core in Frameworks */ = {isa = PBXBuildFile; productRef = 1AD7790C2E419816003600F1 /* Core */; };
/* End PBXBuildFile section */

/* Begin PBXContainerItemProxy section */
		1A96B5232E3AEFA200FCC261 /* PBXContainerItemProxy */ = {
			isa = PBXContainerItemProxy;
			containerPortal = 1A96B5082E3AEFA100FCC261 /* Project object */;
			proxyType = 1;
			remoteGlobalIDString = 1A96B50F2E3AEFA100FCC261;
			remoteInfo = OnlineCalendar;
		};
		1A96B52D2E3AEFA200FCC261 /* PBXContainerItemProxy */ = {
			isa = PBXContainerItemProxy;
			containerPortal = 1A96B5082E3AEFA100FCC261 /* Project object */;
			proxyType = 1;
			remoteGlobalIDString = 1A96B50F2E3AEFA100FCC261;
			remoteInfo = OnlineCalendar;
		};
/* End PBXContainerItemProxy section */

/* Begin PBXFileReference section */
		1A96B5102E3AEFA100FCC261 /* OnlineCalendar.app */ = {isa = PBXFileReference; explicitFileType = wrapper.application; includeInIndex = 0; path = OnlineCalendar.app; sourceTree = BUILT_PRODUCTS_DIR; };
		1A96B5222E3AEFA200FCC261 /* OnlineCalendarTests.xctest */ = {isa = PBXFileReference; explicitFileType = wrapper.cfbundle; includeInIndex = 0; path = OnlineCalendarTests.xctest; sourceTree = BUILT_PRODUCTS_DIR; };
		1A96B52C2E3AEFA200FCC261 /* OnlineCalendarUITests.xctest */ = {isa = PBXFileReference; explicitFileType = wrapper.cfbundle; includeInIndex = 0; path = OnlineCalendarUITests.xctest; sourceTree = BUILT_PRODUCTS_DIR; };
/* End PBXFileReference section */

/* Begin PBXFileSystemSynchronizedRootGroup section */
		1A96B5122E3AEFA100FCC261 /* OnlineCalendar */ = {
			isa = PBXFileSystemSynchronizedRootGroup;
			path = OnlineCalendar;
			sourceTree = "<group>";
		};
/* End PBXFileSystemSynchronizedRootGroup section */

/* Begin PBXFrameworksBuildPhase section */
		1A96B50D2E3AEFA100FCC261 /* Frameworks */ = {
			isa = PBXFrameworksBuildPhase;
			buildActionMask = 2147483647;
			files = (
				1AD7790D2E419816003600F1 /* Core in Frameworks */,
			);
			runOnlyForDeploymentPostprocessing = 0;
		};
		1A96B51F2E3AEFA200FCC261 /* Frameworks */ = {
			isa = PBXFrameworksBuildPhase;
			buildActionMask = 2147483647;
			files = (
				1A5837912E3B528A00188A49 /* ViewInspector in Frameworks */,
			);
			runOnlyForDeploymentPostprocessing = 0;
		};
		1A96B5292E3AEFA200FCC261 /* Frameworks */ = {
			isa = PBXFrameworksBuildPhase;
			buildActionMask = 2147483647;
			files = (
			);
			runOnlyForDeploymentPostprocessing = 0;
		};
/* End PBXFrameworksBuildPhase section */

/* Begin PBXGroup section */
		1A96B5072E3AEFA100FCC261 = {
			isa = PBXGroup;
			children = (
				1A96B5122E3AEFA100FCC261 /* OnlineCalendar */,
				1A96B5112E3AEFA100FCC261 /* Products */,
			);
			sourceTree = "<group>";
		};
		1A96B5112E3AEFA100FCC261 /* Products */ = {
			isa = PBXGroup;
			children = (
				1A96B5102E3AEFA100FCC261 /* OnlineCalendar.app */,
				1A96B5222E3AEFA200FCC261 /* OnlineCalendarTests.xctest */,
				1A96B52C2E3AEFA200FCC261 /* OnlineCalendarUITests.xctest */,
			);
			name = Products;
			sourceTree = "<group>";
		};
/* End PBXGroup section */

/* Begin PBXNativeTarget section */
		1A96B50F2E3AEFA100FCC261 /* OnlineCalendar */ = {
			isa = PBXNativeTarget;
			buildConfigurationList = 1A96B5362E3AEFA200FCC261 /* Build configuration list for PBXNativeTarget "OnlineCalendar" */;
			buildPhases = (
				1A96B50C2E3AEFA100FCC261 /* Sources */,
				1A96B50D2E3AEFA100FCC261 /* Frameworks */,
				1A96B50E2E3AEFA100FCC261 /* Resources */,
			);
			buildRules = (
			);
			dependencies = (
			);
			fileSystemSynchronizedGroups = (
				1A96B5122E3AEFA100FCC261 /* OnlineCalendar */,
			);
			name = OnlineCalendar;
			packageProductDependencies = (
				1AD7790C2E419816003600F1 /* Core */,
			);
			productName = OnlineCalendar;
			productReference = 1A96B5102E3AEFA100FCC261 /* OnlineCalendar.app */;
			productType = "com.apple.product-type.application";
		};
		1A96B5212E3AEFA200FCC261 /* OnlineCalendarTests */ = {
			isa = PBXNativeTarget;
			buildConfigurationList = 1A96B5392E3AEFA200FCC261 /* Build configuration list for PBXNativeTarget "OnlineCalendarTests" */;
			buildPhases = (
				1A96B51E2E3AEFA200FCC261 /* Sources */,
				1A96B51F2E3AEFA200FCC261 /* Frameworks */,
				1A96B5202E3AEFA200FCC261 /* Resources */,
			);
			buildRules = (
			);
			dependencies = (
				1A96B5242E3AEFA200FCC261 /* PBXTargetDependency */,
			);
			name = OnlineCalendarTests;
			packageProductDependencies = (
				1A5837902E3B528A00188A49 /* ViewInspector */,
			);
			productName = OnlineCalendarTests;
			productReference = 1A96B5222E3AEFA200FCC261 /* OnlineCalendarTests.xctest */;
			productType = "com.apple.product-type.bundle.unit-test";
		};
		1A96B52B2E3AEFA200FCC261 /* OnlineCalendarUITests */ = {
			isa = PBXNativeTarget;
			buildConfigurationList = 1A96B53C2E3AEFA200FCC261 /* Build configuration list for PBXNativeTarget "OnlineCalendarUITests" */;
			buildPhases = (
				1A96B5282E3AEFA200FCC261 /* Sources */,
				1A96B5292E3AEFA200FCC261 /* Frameworks */,
				1A96B52A2E3AEFA200FCC261 /* Resources */,
			);
			buildRules = (
			);
			dependencies = (
				1A96B52E2E3AEFA200FCC261 /* PBXTargetDependency */,
			);
			name = OnlineCalendarUITests;
			packageProductDependencies = (
			);
			productName = OnlineCalendarUITests;
			productReference = 1A96B52C2E3AEFA200FCC261 /* OnlineCalendarUITests.xctest */;
			productType = "com.apple.product-type.bundle.ui-testing";
		};
/* End PBXNativeTarget section */

/* Begin PBXProject section */
		1A96B5082E3AEFA100FCC261 /* Project object */ = {
			isa = PBXProject;
			attributes = {
				BuildIndependentTargetsInParallel = 1;
				LastSwiftUpdateCheck = 1620;
				LastUpgradeCheck = 1620;
				TargetAttributes = {
					1A96B50F2E3AEFA100FCC261 = {
						CreatedOnToolsVersion = 16.2;
					};
					1A96B5212E3AEFA200FCC261 = {
						CreatedOnToolsVersion = 16.2;
						TestTargetID = 1A96B50F2E3AEFA100FCC261;
					};
					1A96B52B2E3AEFA200FCC261 = {
						CreatedOnToolsVersion = 16.2;
						TestTargetID = 1A96B50F2E3AEFA100FCC261;
					};
				};
			};
			buildConfigurationList = 1A96B50B2E3AEFA100FCC261 /* Build configuration list for PBXProject "OnlineCalendar" */;
			developmentRegion = en;
			hasScannedForEncodings = 0;
			knownRegions = (
				en,
				Base,
			);
			mainGroup = 1A96B5072E3AEFA100FCC261;
			minimizedProjectReferenceProxies = 1;
			packageReferences = (
				1A58378F2E3B528A00188A49 /* XCRemoteSwiftPackageReference "ViewInspector" */,
				1AD7790B2E419816003600F1 /* XCLocalSwiftPackageReference "../../ios" */,
			);
			preferredProjectObjectVersion = 77;
			productRefGroup = 1A96B5112E3AEFA100FCC261 /* Products */;
			projectDirPath = "";
			projectRoot = "";
			targets = (
				1A96B50F2E3AEFA100FCC261 /* OnlineCalendar */,
				1A96B5212E3AEFA200FCC261 /* OnlineCalendarTests */,
				1A96B52B2E3AEFA200FCC261 /* OnlineCalendarUITests */,
			);
		};
/* End PBXProject section */

/* Begin PBXResourcesBuildPhase section */
		1A96B50E2E3AEFA100FCC261 /* Resources */ = {
			isa = PBXResourcesBuildPhase;
			buildActionMask = 2147483647;
			files = (
			);
			runOnlyForDeploymentPostprocessing = 0;
		};
		1A96B5202E3AEFA200FCC261 /* Resources */ = {
			isa = PBXResourcesBuildPhase;
			buildActionMask = 2147483647;
			files = (
			);
			runOnlyForDeploymentPostprocessing = 0;
		};
		1A96B52A2E3AEFA200FCC261 /* Resources */ = {
			isa = PBXResourcesBuildPhase;
			buildActionMask = 2147483647;
			files = (
			);
			runOnlyForDeploymentPostprocessing = 0;
		};
/* End PBXResourcesBuildPhase section */

/* Begin PBXSourcesBuildPhase section */
		1A96B50C2E3AEFA100FCC261 /* Sources */ = {
			isa = PBXSourcesBuildPhase;
			buildActionMask = 2147483647;
			files = (
			);
			runOnlyForDeploymentPostprocessing = 0;
		};
		1A96B51E2E3AEFA200FCC261 /* Sources */ = {
			isa = PBXSourcesBuildPhase;
			buildActionMask = 2147483647;
			files = (
			);
			runOnlyForDeploymentPostprocessing = 0;
		};
		1A96B5282E3AEFA200FCC261 /* Sources */ = {
			isa = PBXSourcesBuildPhase;
			buildActionMask = 2147483647;
			files = (
			);
			runOnlyForDeploymentPostprocessing = 0;
		};
/* End PBXSourcesBuildPhase section */

/* Begin PBXTargetDependency section */
		1A96B5242E3AEFA200FCC261 /* PBXTargetDependency */ = {
			isa = PBXTargetDependency;
			target = 1A96B50F2E3AEFA100FCC261 /* OnlineCalendar */;
			targetProxy = 1A96B5232E3AEFA200FCC261 /* PBXContainerItemProxy */;
		};
		1A96B52E2E3AEFA200FCC261 /* PBXTargetDependency */ = {
			isa = PBXTargetDependency;
			target = 1A96B50F2E3AEFA100FCC261 /* OnlineCalendar */;
			targetProxy = 1A96B52D2E3AEFA200FCC261 /* PBXContainerItemProxy */;
		};
/* End PBXTargetDependency section */

/* Begin XCBuildConfiguration section */
		1A96B5342E3AEFA200FCC261 /* Debug */ = {
			isa = XCBuildConfiguration;
			buildSettings = {
				ALWAYS_SEARCH_USER_PATHS = NO;
				ASSETCATALOG_COMPILER_GENERATE_SWIFT_ASSET_SYMBOL_EXTENSIONS = YES;
				CLANG_ANALYZER_NONNULL = YES;
				CLANG_ANALYZER_NUMBER_OBJECT_CONVERSION = YES_AGGRESSIVE;
				CLANG_CXX_LANGUAGE_STANDARD = "gnu++20";
				CLANG_ENABLE_MODULES = YES;
				CLANG_ENABLE_OBJC_ARC = YES;
				CLANG_ENABLE_OBJC_WEAK = YES;
				CLANG_WARN_BLOCK_CAPTURE_AUTORELEASING = YES;
				CLANG_WARN_BOOL_CONVERSION = YES;
				CLANG_WARN_COMMA = YES;
				CLANG_WARN_CONSTANT_CONVERSION = YES;
				CLANG_WARN_DEPRECATED_OBJC_IMPLEMENTATIONS = YES;
				CLANG_WARN_DIRECT_OBJC_ISA_USAGE = YES_ERROR;
				CLANG_WARN_DOCUMENTATION_COMMENTS = YES;
				CLANG_WARN_EMPTY_BODY = YES;
				CLANG_WARN_ENUM_CONVERSION = YES;
				CLANG_WARN_INFINITE_RECURSION = YES;
				CLANG_WARN_INT_CONVERSION = YES;
				CLANG_WARN_NON_LITERAL_NULL_CONVERSION = YES;
				CLANG_WARN_OBJC_IMPLICIT_RETAIN_SELF = YES;
				CLANG_WARN_OBJC_LITERAL_CONVERSION = YES;
				CLANG_WARN_OBJC_ROOT_CLASS = YES_ERROR;
				CLANG_WARN_QUOTED_INCLUDE_IN_FRAMEWORK_HEADER = YES;
				CLANG_WARN_RANGE_LOOP_ANALYSIS = YES;
				CLANG_WARN_STRICT_PROTOTYPES = YES;
				CLANG_WARN_SUSPICIOUS_MOVE = YES;
				CLANG_WARN_UNGUARDED_AVAILABILITY = YES_AGGRESSIVE;
				CLANG_WARN_UNREACHABLE_CODE = YES;
				CLANG_WARN__DUPLICATE_METHOD_MATCH = YES;
				COPY_PHASE_STRIP = NO;
				DEBUG_INFORMATION_FORMAT = dwarf;
				ENABLE_STRICT_OBJC_MSGSEND = YES;
				ENABLE_TESTABILITY = YES;
				ENABLE_USER_SCRIPT_SANDBOXING = YES;
				GCC_C_LANGUAGE_STANDARD = gnu17;
				GCC_DYNAMIC_NO_PIC = NO;
				GCC_NO_COMMON_BLOCKS = YES;
				GCC_OPTIMIZATION_LEVEL = 0;
				GCC_PREPROCESSOR_DEFINITIONS = (
					"DEBUG=1",
					"$(inherited)",
				);
				GCC_WARN_64_TO_32_BIT_CONVERSION = YES;
				GCC_WARN_ABOUT_RETURN_TYPE = YES_ERROR;
				GCC_WARN_UNDECLARED_SELECTOR = YES;
				GCC_WARN_UNINITIALIZED_AUTOS = YES_AGGRESSIVE;
				GCC_WARN_UNUSED_FUNCTION = YES;
				GCC_WARN_UNUSED_VARIABLE = YES;
				IPHONEOS_DEPLOYMENT_TARGET = 18.2;
				LOCALIZATION_PREFERS_STRING_CATALOGS = YES;
				MTL_ENABLE_DEBUG_INFO = INCLUDE_SOURCE;
				MTL_FAST_MATH = YES;
				ONLY_ACTIVE_ARCH = YES;
				SDKROOT = iphoneos;
				SWIFT_ACTIVE_COMPILATION_CONDITIONS = "DEBUG $(inherited)";
				SWIFT_OPTIMIZATION_LEVEL = "-Onone";
			};
			name = Debug;
		};
		1A96B5352E3AEFA200FCC261 /* Release */ = {
			isa = XCBuildConfiguration;
			buildSettings = {
				ALWAYS_SEARCH_USER_PATHS = NO;
				ASSETCATALOG_COMPILER_GENERATE_SWIFT_ASSET_SYMBOL_EXTENSIONS = YES;
				CLANG_ANALYZER_NONNULL = YES;
				CLANG_ANALYZER_NUMBER_OBJECT_CONVERSION = YES_AGGRESSIVE;
				CLANG_CXX_LANGUAGE_STANDARD = "gnu++20";
				CLANG_ENABLE_MODULES = YES;
				CLANG_ENABLE_OBJC_ARC = YES;
				CLANG_ENABLE_OBJC_WEAK = YES;
				CLANG_WARN_BLOCK_CAPTURE_AUTORELEASING = YES;
				CLANG_WARN_BOOL_CONVERSION = YES;
				CLANG_WARN_COMMA = YES;
				CLANG_WARN_CONSTANT_CONVERSION = YES;
				CLANG_WARN_DEPRECATED_OBJC_IMPLEMENTATIONS = YES;
				CLANG_WARN_DIRECT_OBJC_ISA_USAGE = YES_ERROR;
				CLANG_WARN_DOCUMENTATION_COMMENTS = YES;
				CLANG_WARN_EMPTY_BODY = YES;
				CLANG_WARN_ENUM_CONVERSION = YES;
				CLANG_WARN_INFINITE_RECURSION = YES;
				CLANG_WARN_INT_CONVERSION = YES;
				CLANG_WARN_NON_LITERAL_NULL_CONVERSION = YES;
				CLANG_WARN_OBJC_IMPLICIT_RETAIN_SELF = YES;
				CLANG_WARN_OBJC_LITERAL_CONVERSION = YES;
				CLANG_WARN_OBJC_ROOT_CLASS = YES_ERROR;
				CLANG_WARN_QUOTED_INCLUDE_IN_FRAMEWORK_HEADER = YES;
				CLANG_WARN_RANGE_LOOP_ANALYSIS = YES;
				CLANG_WARN_STRICT_PROTOTYPES = YES;
				CLANG_WARN_SUSPICIOUS_MOVE = YES;
				CLANG_WARN_UNGUARDED_AVAILABILITY = YES_AGGRESSIVE;
				CLANG_WARN_UNREACHABLE_CODE = YES;
				CLANG_WARN__DUPLICATE_METHOD_MATCH = YES;
				COPY_PHASE_STRIP = NO;
				DEBUG_INFORMATION_FORMAT = "dwarf-with-dsym";
				ENABLE_NS_ASSERTIONS = NO;
				ENABLE_STRICT_OBJC_MSGSEND = YES;
				ENABLE_USER_SCRIPT_SANDBOXING = YES;
				GCC_C_LANGUAGE_STANDARD = gnu17;
				GCC_NO_COMMON_BLOCKS = YES;
				GCC_WARN_64_TO_32_BIT_CONVERSION = YES;
				GCC_WARN_ABOUT_RETURN_TYPE = YES_ERROR;
				GCC_WARN_UNDECLARED_SELECTOR = YES;
				GCC_WARN_UNINITIALIZED_AUTOS = YES_AGGRESSIVE;
				GCC_WARN_UNUSED_FUNCTION = YES;
				GCC_WARN_UNUSED_VARIABLE = YES;
				IPHONEOS_DEPLOYMENT_TARGET = 18.2;
				LOCALIZATION_PREFERS_STRING_CATALOGS = YES;
				MTL_ENABLE_DEBUG_INFO = NO;
				MTL_FAST_MATH = YES;
				SDKROOT = iphoneos;
				SWIFT_COMPILATION_MODE = wholemodule;
				VALIDATE_PRODUCT = YES;
			};
			name = Release;
		};
		1A96B5372E3AEFA200FCC261 /* Debug */ = {
			isa = XCBuildConfiguration;
			buildSettings = {
				ASSETCATALOG_COMPILER_APPICON_NAME = AppIcon;
				ASSETCATALOG_COMPILER_GLOBAL_ACCENT_COLOR_NAME = AccentColor;
				CODE_SIGN_STYLE = Automatic;
				CURRENT_PROJECT_VERSION = 1;
				DEVELOPMENT_ASSET_PATHS = "\"OnlineCalendar/Preview Content\"";
				ENABLE_PREVIEWS = YES;
				GENERATE_INFOPLIST_FILE = NO;
				INFOPLIST_FILE = OnlineCalendar/Info.plist;
				INFOPLIST_KEY_CFBundleVersion = "$(CURRENT_PROJECT_VERSION)";
				INFOPLIST_KEY_NSAppTransportSecurity = "<dict><key>NSAllowsArbitraryLoads</key><true/></dict>";
				INFOPLIST_KEY_UIApplicationSceneManifest_Generation = YES;
				INFOPLIST_KEY_UIApplicationSupportsIndirectInputEvents = YES;
				INFOPLIST_KEY_UILaunchScreen_Generation = YES;
				INFOPLIST_KEY_UISupportedInterfaceOrientations_iPad = "UIInterfaceOrientationPortrait UIInterfaceOrientationPortraitUpsideDown UIInterfaceOrientationLandscapeLeft UIInterfaceOrientationLandscapeRight";
				INFOPLIST_KEY_UISupportedInterfaceOrientations_iPhone = "UIInterfaceOrientationPortrait UIInterfaceOrientationLandscapeLeft UIInterfaceOrientationLandscapeRight";
				LD_RUNPATH_SEARCH_PATHS = (
					"$(inherited)",
					"@executable_path/Frameworks",
				);
				MARKETING_VERSION = 1.0;
				PRODUCT_BUNDLE_IDENTIFIER = dkanai.OnlineCalendar;
				PRODUCT_NAME = "$(TARGET_NAME)";
				SWIFT_EMIT_LOC_STRINGS = YES;
				SWIFT_VERSION = 5.0;
				TARGETED_DEVICE_FAMILY = "1,2";
			};
			name = Debug;
		};
		1A96B5382E3AEFA200FCC261 /* Release */ = {
			isa = XCBuildConfiguration;
			buildSettings = {
				ASSETCATALOG_COMPILER_APPICON_NAME = AppIcon;
				ASSETCATALOG_COMPILER_GLOBAL_ACCENT_COLOR_NAME = AccentColor;
				CODE_SIGN_STYLE = Automatic;
				CURRENT_PROJECT_VERSION = 1;
				DEVELOPMENT_ASSET_PATHS = "\"OnlineCalendar/Preview Content\"";
				ENABLE_PREVIEWS = YES;
				GENERATE_INFOPLIST_FILE = NO;
				INFOPLIST_FILE = OnlineCalendar/Info.plist;
				INFOPLIST_KEY_CFBundleVersion = "$(CURRENT_PROJECT_VERSION)";
				INFOPLIST_KEY_NSAppTransportSecurity = "<dict><key>NSAllowsArbitraryLoads</key><true/></dict>";
				INFOPLIST_KEY_UIApplicationSceneManifest_Generation = YES;
				INFOPLIST_KEY_UIApplicationSupportsIndirectInputEvents = YES;
				INFOPLIST_KEY_UILaunchScreen_Generation = YES;
				INFOPLIST_KEY_UISupportedInterfaceOrientations_iPad = "UIInterfaceOrientationPortrait UIInterfaceOrientationPortraitUpsideDown UIInterfaceOrientationLandscapeLeft UIInterfaceOrientationLandscapeRight";
				INFOPLIST_KEY_UISupportedInterfaceOrientations_iPhone = "UIInterfaceOrientationPortrait UIInterfaceOrientationLandscapeLeft UIInterfaceOrientationLandscapeRight";
				LD_RUNPATH_SEARCH_PATHS = (
					"$(inherited)",
					"@executable_path/Frameworks",
				);
				MARKETING_VERSION = 1.0;
				PRODUCT_BUNDLE_IDENTIFIER = dkanai.OnlineCalendar;
				PRODUCT_NAME = "$(TARGET_NAME)";
				SWIFT_EMIT_LOC_STRINGS = YES;
				SWIFT_VERSION = 5.0;
				TARGETED_DEVICE_FAMILY = "1,2";
			};
			name = Release;
		};
		1A96B53A2E3AEFA200FCC261 /* Debug */ = {
			isa = XCBuildConfiguration;
			buildSettings = {
				BUNDLE_LOADER = "$(TEST_HOST)";
				CODE_SIGN_STYLE = Automatic;
				CURRENT_PROJECT_VERSION = 1;
				GENERATE_INFOPLIST_FILE = YES;
				IPHONEOS_DEPLOYMENT_TARGET = 18.2;
				MARKETING_VERSION = 1.0;
				PRODUCT_BUNDLE_IDENTIFIER = dkanai.OnlineCalendarTests;
				PRODUCT_NAME = "$(TARGET_NAME)";
				SWIFT_EMIT_LOC_STRINGS = NO;
				SWIFT_VERSION = 5.0;
				TARGETED_DEVICE_FAMILY = "1,2";
				TEST_HOST = "$(BUILT_PRODUCTS_DIR)/OnlineCalendar.app/$(BUNDLE_EXECUTABLE_FOLDER_PATH)/OnlineCalendar";
			};
			name = Debug;
		};
		1A96B53B2E3AEFA200FCC261 /* Release */ = {
			isa = XCBuildConfiguration;
			buildSettings = {
				BUNDLE_LOADER = "$(TEST_HOST)";
				CODE_SIGN_STYLE = Automatic;
				CURRENT_PROJECT_VERSION = 1;
				GENERATE_INFOPLIST_FILE = YES;
				IPHONEOS_DEPLOYMENT_TARGET = 18.2;
				MARKETING_VERSION = 1.0;
				PRODUCT_BUNDLE_IDENTIFIER = dkanai.OnlineCalendarTests;
				PRODUCT_NAME = "$(TARGET_NAME)";
				SWIFT_EMIT_LOC_STRINGS = NO;
				SWIFT_VERSION = 5.0;
				TARGETED_DEVICE_FAMILY = "1,2";
				TEST_HOST = "$(BUILT_PRODUCTS_DIR)/OnlineCalendar.app/$(BUNDLE_EXECUTABLE_FOLDER_PATH)/OnlineCalendar";
			};
			name = Release;
		};
		1A96B53D2E3AEFA200FCC261 /* Debug */ = {
			isa = XCBuildConfiguration;
			buildSettings = {
				CODE_SIGN_STYLE = Automatic;
				CURRENT_PROJECT_VERSION = 1;
				GENERATE_INFOPLIST_FILE = YES;
				MARKETING_VERSION = 1.0;
				PRODUCT_BUNDLE_IDENTIFIER = dkanai.OnlineCalendarUITests;
				PRODUCT_NAME = "$(TARGET_NAME)";
				SWIFT_EMIT_LOC_STRINGS = NO;
				SWIFT_VERSION = 5.0;
				TARGETED_DEVICE_FAMILY = "1,2";
				TEST_TARGET_NAME = OnlineCalendar;
			};
			name = Debug;
		};
		1A96B53E2E3AEFA200FCC261 /* Release */ = {
			isa = XCBuildConfiguration;
			buildSettings = {
				CODE_SIGN_STYLE = Automatic;
				CURRENT_PROJECT_VERSION = 1;
				GENERATE_INFOPLIST_FILE = YES;
				MARKETING_VERSION = 1.0;
				PRODUCT_BUNDLE_IDENTIFIER = dkanai.OnlineCalendarUITests;
				PRODUCT_NAME = "$(TARGET_NAME)";
				SWIFT_EMIT_LOC_STRINGS = NO;
				SWIFT_VERSION = 5.0;
				TARGETED_DEVICE_FAMILY = "1,2";
				TEST_TARGET_NAME = OnlineCalendar;
			};
			name = Release;
		};
/* End XCBuildConfiguration section */

/* Begin XCConfigurationList section */
		1A96B50B2E3AEFA100FCC261 /* Build configuration list for PBXProject "OnlineCalendar" */ = {
			isa = XCConfigurationList;
			buildConfigurations = (
				1A96B5342E3AEFA200FCC261 /* Debug */,
				1A96B5352E3AEFA200FCC261 /* Release */,
			);
			defaultConfigurationIsVisible = 0;
			defaultConfigurationName = Release;
		};
		1A96B5362E3AEFA200FCC261 /* Build configuration list for PBXNativeTarget "OnlineCalendar" */ = {
			isa = XCConfigurationList;
			buildConfigurations = (
				1A96B5372E3AEFA200FCC261 /* Debug */,
				1A96B5382E3AEFA200FCC261 /* Release */,
			);
			defaultConfigurationIsVisible = 0;
			defaultConfigurationName = Release;
		};
		1A96B5392E3AEFA200FCC261 /* Build configuration list for PBXNativeTarget "OnlineCalendarTests" */ = {
			isa = XCConfigurationList;
			buildConfigurations = (
				1A96B53A2E3AEFA200FCC261 /* Debug */,
				1A96B53B2E3AEFA200FCC261 /* Release */,
			);
			defaultConfigurationIsVisible = 0;
			defaultConfigurationName = Release;
		};
		1A96B53C2E3AEFA200FCC261 /* Build configuration list for PBXNativeTarget "OnlineCalendarUITests" */ = {
			isa = XCConfigurationList;
			buildConfigurations = (
				1A96B53D2E3AEFA200FCC261 /* Debug */,
				1A96B53E2E3AEFA200FCC261 /* Release */,
			);
			defaultConfigurationIsVisible = 0;
			defaultConfigurationName = Release;
		};
/* End XCConfigurationList section */

/* Begin XCLocalSwiftPackageReference section */
		1AD7790B2E419816003600F1 /* XCLocalSwiftPackageReference "../../ios" */ = {
			isa = XCLocalSwiftPackageReference;
			relativePath = ../../ios;
		};
/* End XCLocalSwiftPackageReference section */

/* Begin XCRemoteSwiftPackageReference section */
		1A58378F2E3B528A00188A49 /* XCRemoteSwiftPackageReference "ViewInspector" */ = {
			isa = XCRemoteSwiftPackageReference;
			repositoryURL = "https://github.com/nalexn/ViewInspector";
			requirement = {
				kind = upToNextMajorVersion;
				minimumVersion = 0.10.2;
			};
		};
/* End XCRemoteSwiftPackageReference section */

/* Begin XCSwiftPackageProductDependency section */
		1A5837902E3B528A00188A49 /* ViewInspector */ = {
			isa = XCSwiftPackageProductDependency;
			package = 1A58378F2E3B528A00188A49 /* XCRemoteSwiftPackageReference "ViewInspector" */;
			productName = ViewInspector;
		};
		1AD7790C2E419816003600F1 /* Core */ = {
			isa = XCSwiftPackageProductDependency;
			productName = Core;
		};
/* End XCSwiftPackageProductDependency section */
	};
	rootObject = 1A96B5082E3AEFA100FCC261 /* Project object */;
}
